
Microsoft Visual Studio Solution File, Format Version 12.00
# Visual Studio Version 16
VisualStudioVersion = 16.0.30309.148
MinimumVisualStudioVersion = 10.0.40219.1
Project("{FAE04EC0-301F-11D3-BF4B-00C04F79EFBC}") = "DotNetProject.Domain", "Domain\DotNetProject.Domain.csproj", "{FFDFBF0A-50FF-423B-B1B0-45C31BF4F7E3}"
EndProject
Global
	GlobalSection(SolutionConfigurationPlatforms) = preSolution
		Debug|Any CPU = Debug|Any CPU
		Release|Any CPU = Release|Any CPU
	EndGlobalSection
	GlobalSection(ProjectConfigurationPlatforms) = postSolution
		{FFDFBF0A-50FF-423B-B1B0-45C31BF4F7E3}.Debug|Any CPU.ActiveCfg = Debug|Any CPU
		{FFDFBF0A-50FF-423B-B1B0-45C31BF4F7E3}.Debug|Any CPU.Build.0 = Debug|Any CPU
		{FFDFBF0A-50FF-423B-B1B0-45C31BF4F7E3}.Release|Any CPU.ActiveCfg = Release|Any CPU
		{FFDFBF0A-50FF-423B-B1B0-45C31BF4F7E3}.Release|Any CPU.Build.0 = Release|Any CPU
	EndGlobalSection
	GlobalSection(SolutionProperties) = preSolution
		HideSolutionNode = FALSE
	EndGlobalSection
	GlobalSection(ExtensibilityGlobals) = postSolution
		SolutionGuid = {684E393F-F092-492A-AEC6-2594A84569E0}
	EndGlobalSection
EndGlobal
